
Microsoft Visual Studio Solution File, Format Version 12.00
# Visual Studio Version 17
VisualStudioVersion = 17.8.34330.188
MinimumVisualStudioVersion = 10.0.40219.1
Project("{FAE04EC0-301F-11D3-BF4B-00C04F79EFBC}") = "FunctionGenerator", "FunctionGenerator\FunctionGenerator.csproj", "{5BF7253D-7F14-43DA-A229-7BFE7B9EDB9D}"
EndProject
Global
	GlobalSection(SolutionConfigurationPlatforms) = preSolution
		Debug|Any CPU = Debug|Any CPU
		Release|Any CPU = Release|Any CPU
	EndGlobalSection
	GlobalSection(ProjectConfigurationPlatforms) = postSolution
		{5BF7253D-7F14-43DA-A229-7BFE7B9EDB9D}.Debug|Any CPU.ActiveCfg = Debug|Any CPU
		{5BF7253D-7F14-43DA-A229-7BFE7B9EDB9D}.Debug|Any CPU.Build.0 = Debug|Any CPU
		{5BF7253D-7F14-43DA-A229-7BFE7B9EDB9D}.Release|Any CPU.ActiveCfg = Release|Any CPU
		{5BF7253D-7F14-43DA-A229-7BFE7B9EDB9D}.Release|Any CPU.Build.0 = Release|Any CPU
	EndGlobalSection
	GlobalSection(SolutionProperties) = preSolution
		HideSolutionNode = FALSE
	EndGlobalSection
	GlobalSection(ExtensibilityGlobals) = postSolution
		SolutionGuid = {AE81BCD1-4988-4796-BA62-BC96F0160998}
	EndGlobalSection
EndGlobal
